
Microsoft Visual Studio Solution File, Format Version 12.00
# Visual Studio Version 17
VisualStudioVersion = 17.0.31903.59
MinimumVisualStudioVersion = 10.0.40219.1
Project("{FAE04EC0-301F-11D3-BF4B-00C04F79EFBC}") = "Demo.API", "Demo.API.csproj", "{9E45CD1C-91A7-489F-A59B-976DEA6E240E}"
EndProject
Global
	GlobalSection(SolutionConfigurationPlatforms) = preSolution
		Debug|Any CPU = Debug|Any CPU
		Release|Any CPU = Release|Any CPU
	EndGlobalSection
	GlobalSection(ProjectConfigurationPlatforms) = postSolution
		{9E45CD1C-91A7-489F-A59B-976DEA6E240E}.Debug|Any CPU.ActiveCfg = Debug|Any CPU
		{9E45CD1C-91A7-489F-A59B-976DEA6E240E}.Debug|Any CPU.Build.0 = Debug|Any CPU
		{9E45CD1C-91A7-489F-A59B-976DEA6E240E}.Release|Any CPU.ActiveCfg = Release|Any CPU
		{9E45CD1C-91A7-489F-A59B-976DEA6E240E}.Release|Any CPU.Build.0 = Release|Any CPU
	EndGlobalSection
	GlobalSection(SolutionProperties) = preSolution
		HideSolutionNode = FALSE
	EndGlobalSection
	GlobalSection(ExtensibilityGlobals) = postSolution
		SolutionGuid = {BF187F85-7190-41CB-A871-2BA313D3315A}
	EndGlobalSection
EndGlobal
